
Microsoft Visual Studio Solution File, Format Version 12.00
# Visual Studio Version 16
VisualStudioVersion = 16.0.30907.101
MinimumVisualStudioVersion = 10.0.40219.1
Project("{FAE04EC0-301F-11D3-BF4B-00C04F79EFBC}") = "Dijkstra's Algorithm", "Dijkstra's Algorithm\Dijkstra's Algorithm.csproj", "{6CDD338F-A9E7-4EE8-AC73-765CB66EA736}"
EndProject
Project("{FAE04EC0-301F-11D3-BF4B-00C04F79EFBC}") = "Kruskal’s Algorithm", "Kruskal’s Algorithm\Kruskal’s Algorithm.csproj", "{C34B4091-60F6-464A-B588-F7C343F57968}"
EndProject
Project("{FAE04EC0-301F-11D3-BF4B-00C04F79EFBC}") = "Prim's Algorithm", "Prim's Algorithm\Prim's Algorithm.csproj", "{269DA833-D096-47A3-B058-723FB7B2F071}"
EndProject
Global
	GlobalSection(SolutionConfigurationPlatforms) = preSolution
		Debug|Any CPU = Debug|Any CPU
		Release|Any CPU = Release|Any CPU
	EndGlobalSection
	GlobalSection(ProjectConfigurationPlatforms) = postSolution
		{6CDD338F-A9E7-4EE8-AC73-765CB66EA736}.Debug|Any CPU.ActiveCfg = Debug|Any CPU
		{6CDD338F-A9E7-4EE8-AC73-765CB66EA736}.Debug|Any CPU.Build.0 = Debug|Any CPU
		{6CDD338F-A9E7-4EE8-AC73-765CB66EA736}.Release|Any CPU.ActiveCfg = Release|Any CPU
		{6CDD338F-A9E7-4EE8-AC73-765CB66EA736}.Release|Any CPU.Build.0 = Release|Any CPU
		{C34B4091-60F6-464A-B588-F7C343F57968}.Debug|Any CPU.ActiveCfg = Debug|Any CPU
		{C34B4091-60F6-464A-B588-F7C343F57968}.Debug|Any CPU.Build.0 = Debug|Any CPU
		{C34B4091-60F6-464A-B588-F7C343F57968}.Release|Any CPU.ActiveCfg = Release|Any CPU
		{C34B4091-60F6-464A-B588-F7C343F57968}.Release|Any CPU.Build.0 = Release|Any CPU
		{269DA833-D096-47A3-B058-723FB7B2F071}.Debug|Any CPU.ActiveCfg = Debug|Any CPU
		{269DA833-D096-47A3-B058-723FB7B2F071}.Debug|Any CPU.Build.0 = Debug|Any CPU
		{269DA833-D096-47A3-B058-723FB7B2F071}.Release|Any CPU.ActiveCfg = Release|Any CPU
		{269DA833-D096-47A3-B058-723FB7B2F071}.Release|Any CPU.Build.0 = Release|Any CPU
	EndGlobalSection
	GlobalSection(SolutionProperties) = preSolution
		HideSolutionNode = FALSE
	EndGlobalSection
	GlobalSection(ExtensibilityGlobals) = postSolution
		SolutionGuid = {072FBE7C-A004-482C-A956-3CA23696A77B}
	EndGlobalSection
EndGlobal
