
Microsoft Visual Studio Solution File, Format Version 12.00
# Visual Studio Version 16
VisualStudioVersion = 16.0.30907.101
MinimumVisualStudioVersion = 10.0.40219.1
Project("{FAE04EC0-301F-11D3-BF4B-00C04F79EFBC}") = "1. Electrical Substation Network", "1. Electrical Substation Network\1. Electrical Substation Network.csproj", "{79026DB8-D6E9-4731-811B-F51FF3274CD6}"
EndProject
Project("{FAE04EC0-301F-11D3-BF4B-00C04F79EFBC}") = "2. Maximum Tasks Assignment", "2. Maximum Tasks Assignment\2. Maximum Tasks Assignment.csproj", "{D8075AC1-2246-4E43-BF92-B7C8FD17A310}"
EndProject
Project("{FAE04EC0-301F-11D3-BF4B-00C04F79EFBC}") = "3. Find Bi-Connected Components", "3. Find Bi-Connected Components\3. Find Bi-Connected Components.csproj", "{755E5807-83D7-4F2A-9225-87A5A8A2B95F}"
EndProject
Global
	GlobalSection(SolutionConfigurationPlatforms) = preSolution
		Debug|Any CPU = Debug|Any CPU
		Release|Any CPU = Release|Any CPU
	EndGlobalSection
	GlobalSection(ProjectConfigurationPlatforms) = postSolution
		{79026DB8-D6E9-4731-811B-F51FF3274CD6}.Debug|Any CPU.ActiveCfg = Debug|Any CPU
		{79026DB8-D6E9-4731-811B-F51FF3274CD6}.Debug|Any CPU.Build.0 = Debug|Any CPU
		{79026DB8-D6E9-4731-811B-F51FF3274CD6}.Release|Any CPU.ActiveCfg = Release|Any CPU
		{79026DB8-D6E9-4731-811B-F51FF3274CD6}.Release|Any CPU.Build.0 = Release|Any CPU
		{D8075AC1-2246-4E43-BF92-B7C8FD17A310}.Debug|Any CPU.ActiveCfg = Debug|Any CPU
		{D8075AC1-2246-4E43-BF92-B7C8FD17A310}.Debug|Any CPU.Build.0 = Debug|Any CPU
		{D8075AC1-2246-4E43-BF92-B7C8FD17A310}.Release|Any CPU.ActiveCfg = Release|Any CPU
		{D8075AC1-2246-4E43-BF92-B7C8FD17A310}.Release|Any CPU.Build.0 = Release|Any CPU
		{755E5807-83D7-4F2A-9225-87A5A8A2B95F}.Debug|Any CPU.ActiveCfg = Debug|Any CPU
		{755E5807-83D7-4F2A-9225-87A5A8A2B95F}.Debug|Any CPU.Build.0 = Debug|Any CPU
		{755E5807-83D7-4F2A-9225-87A5A8A2B95F}.Release|Any CPU.ActiveCfg = Release|Any CPU
		{755E5807-83D7-4F2A-9225-87A5A8A2B95F}.Release|Any CPU.Build.0 = Release|Any CPU
	EndGlobalSection
	GlobalSection(SolutionProperties) = preSolution
		HideSolutionNode = FALSE
	EndGlobalSection
	GlobalSection(ExtensibilityGlobals) = postSolution
		SolutionGuid = {D24C781C-D97F-44A9-8546-B76A5F07E7E3}
	EndGlobalSection
EndGlobal
